
Microsoft Visual Studio Solution File, Format Version 12.00
# Visual Studio Version 17
VisualStudioVersion = 17.1.32120.378
MinimumVisualStudioVersion = 10.0.40219.1
Project("{FAE04EC0-301F-11D3-BF4B-00C04F79EFBC}") = "TutorialCallouts", "TutorialCallouts\TutorialCallouts.csproj", "{4A057EB7-88E2-4AEF-9D65-F854BEE522EA}"
EndProject
Global
	GlobalSection(SolutionConfigurationPlatforms) = preSolution
		Debug|Any CPU = Debug|Any CPU
		Release|Any CPU = Release|Any CPU
	EndGlobalSection
	GlobalSection(ProjectConfigurationPlatforms) = postSolution
		{4A057EB7-88E2-4AEF-9D65-F854BEE522EA}.Debug|Any CPU.ActiveCfg = Debug|Any CPU
		{4A057EB7-88E2-4AEF-9D65-F854BEE522EA}.Debug|Any CPU.Build.0 = Debug|Any CPU
		{4A057EB7-88E2-4AEF-9D65-F854BEE522EA}.Release|Any CPU.ActiveCfg = Release|Any CPU
		{4A057EB7-88E2-4AEF-9D65-F854BEE522EA}.Release|Any CPU.Build.0 = Release|Any CPU
	EndGlobalSection
	GlobalSection(SolutionProperties) = preSolution
		HideSolutionNode = FALSE
	EndGlobalSection
	GlobalSection(ExtensibilityGlobals) = postSolution
		SolutionGuid = {8E737A55-98C3-4290-9DD6-37FB747F065C}
	EndGlobalSection
EndGlobal
